{
  "nodes": {
    "nixpkgs": {
      "locked": {
        "lastModified": 1791493758,
        "narHash": "sha256-mrMqsS5SKTXhvulM/I+ZVUGh/dw5gYmBzVoO0rHHmOQ=",
        "owner": "NixOS",
        "repo": "nixpkgs",
        "rev": "c1266a3a319c72a78e6e78aa6f74240b0ef5bf50",
        "type": "github"
      },
      "original": {
        "owner": "NixOS",
        "ref": "master",
        "repo": "nixpkgs",
        "type": "github"
      }
    },
    "root": {
      "inputs": {
        "nixpkgs": "nixpkgs"
      }
    }
  },
  "root": "root",
  "version": 7
}
